
Microsoft Visual Studio Solution File, Format Version 11.00
# Visual Basic Express 2010
Project("{F184B08F-C81C-45F6-A57F-5ABD9991F28F}") = "Aplikasi Tipe Badan", "Aplikasi Tipe Badan\Aplikasi Tipe Badan.vbproj", "{E5CAA94B-B114-4A76-B344-4B2C7A69D72C}"
EndProject
Global
	GlobalSection(SolutionConfigurationPlatforms) = preSolution
		Debug|x86 = Debug|x86
		Release|x86 = Release|x86
	EndGlobalSection
	GlobalSection(ProjectConfigurationPlatforms) = postSolution
		{E5CAA94B-B114-4A76-B344-4B2C7A69D72C}.Debug|x86.ActiveCfg = Debug|x86
		{E5CAA94B-B114-4A76-B344-4B2C7A69D72C}.Debug|x86.Build.0 = Debug|x86
		{E5CAA94B-B114-4A76-B344-4B2C7A69D72C}.Release|x86.ActiveCfg = Release|x86
		{E5CAA94B-B114-4A76-B344-4B2C7A69D72C}.Release|x86.Build.0 = Release|x86
	EndGlobalSection
	GlobalSection(SolutionProperties) = preSolution
		HideSolutionNode = FALSE
	EndGlobalSection
EndGlobal
